# This file is autogenerated, do not edit; changes may be undone by the next 'dep ensure'.


[[projects]]
  digest = "1:0631a081a3e12ba4d579824fe27c857ded2d9c4e50fc568326889e1ebd2cb4e2"
  name = "github.com/ethereum/go-ethereum"
  packages = [
    "common/math",
    "crypto/secp256k1",
  ]
  pruneopts = "NT"
  revision = "4bcc0a37ab70cb79b16893556cffdaad6974e7d8"
  version = "v1.8.27"

[[projects]]
  digest = "1:b21a10cd67ccc2f35c4a4b1f40de3b5c49cc2210722a71c7762a05840d63e53a"
  name = "github.com/google/flatbuffers"
  packages = ["go"]
  pruneopts = "NT"
  revision = "bf9eb67ab9371755c6bcece13cadc7693bcbf264"
  version = "1.11.0"

[[projects]]
  branch = "master"
  digest = "1:5c3c08bda43e2c1a1c6abfd8f9cdcc25410e5486b592a82b6354ebb0e533c1ff"
  name = "github.com/hpcloud/tail"
  packages = [
    ".",
    "ratelimiter",
    "util",
    "watch",
    "winfile",
  ]
  pruneopts = "NT"
  revision = "a1dbeea552b7c8df4b542c66073e393de198a800"

[[projects]]
  digest = "1:42be69e2e0f087861268b28425f3d97bb8b5abf4e1b73b330a9c6863bddac1c7"
  name = "github.com/julienschmidt/httprouter"
  packages = ["."]
  pruneopts = "NT"
  revision = "348b672cd90d8190f8240323e372ecd1e66b59dc"
  version = "v1.2.0"

[[projects]]
  digest = "1:58999a98719fddbac6303cb17e8d85b945f60b72f48e3a2df6b950b97fa926f1"
  name = "github.com/konsorten/go-windows-terminal-sequences"
  packages = ["."]
  pruneopts = "NT"
  revision = "f55edac94c9bbba5d6182a4be46d86a2c9b5b50e"
  version = "v1.0.2"

[[projects]]
  branch = "master"
  digest = "1:1273088344adca06b84f4907eb260f41ccf73b5016fed5e7cea9eb519df1a21b"
  name = "github.com/logmatic/logmatic-go"
  packages = ["."]
  pruneopts = "NT"
  revision = "9eb00af17b4c3c788c9b88a476c98fec79dd39df"

[[projects]]
  digest = "1:545744762d3d6d59328a38e44f571baaeda30184b88b43a28879bedf7711afa5"
  name = "github.com/onsi/ginkgo"
  packages = [
    ".",
    "config",
    "internal/codelocation",
    "internal/containernode",
    "internal/failer",
    "internal/leafnodes",
    "internal/remote",
    "internal/spec",
    "internal/spec_iterator",
    "internal/specrunner",
    "internal/suite",
    "internal/testingtproxy",
    "internal/writer",
    "reporters",
    "reporters/stenographer",
    "reporters/stenographer/support/go-colorable",
    "reporters/stenographer/support/go-isatty",
    "types",
  ]
  pruneopts = "NT"
  revision = "eea6ad008b96acdaa524f5b409513bf062b500ad"
  version = "v1.8.0"

[[projects]]
  digest = "1:9f353a779b8b118229dfc1541e41d72d1a3a6f2d13756f5fe66daeb0f52191ab"
  name = "github.com/onsi/gomega"
  packages = [
    ".",
    "format",
    "internal/assertion",
    "internal/asyncassertion",
    "internal/oraclematcher",
    "internal/testingtsupport",
    "matchers",
    "matchers/support/goraph/bipartitegraph",
    "matchers/support/goraph/edge",
    "matchers/support/goraph/node",
    "matchers/support/goraph/util",
    "types",
  ]
  pruneopts = "NT"
  revision = "90e289841c1ed79b7a598a7cd9959750cb5e89e2"
  version = "v1.5.0"

[[projects]]
  digest = "1:587d2e689ba400b9e4687ed2f02074fbc07fb33fd5ef72d22b5d68ae470f1267"
  name = "github.com/sirupsen/logrus"
  packages = ["."]
  pruneopts = "NT"
  revision = "8bdbc7bcc01dcbb8ec23dc8a28e332258d25251f"
  version = "v1.4.1"

[[projects]]
  branch = "master"
  digest = "1:5f92996be2964f7a413cc8c6b7ff02e88e02db6042371b7acadc06cd9dc5a658"
  name = "golang.org/x/crypto"
  packages = ["sha3"]
  pruneopts = "NT"
  revision = "a29dc8fdc73485234dbef99ebedb95d2eced08de"

[[projects]]
  branch = "master"
  digest = "1:940590250ff6229f11678ea802c15e75768bf39b6440d24025bc5bede1f40367"
  name = "golang.org/x/net"
  packages = [
    "html",
    "html/atom",
    "html/charset",
  ]
  pruneopts = "NT"
  revision = "4829fb13d2c62012c17688fa7f629f371014946d"

[[projects]]
  branch = "master"
  digest = "1:9765765b29619db5a06ff1ed681c6ac067853b517b6a16fd193d038778531441"
  name = "golang.org/x/sys"
  packages = [
    "cpu",
    "unix",
  ]
  pruneopts = "NT"
  revision = "d89cdac9e8725f2aefce25fcbfef41134c9ad412"

[[projects]]
  digest = "1:348fa8283a7c60b5b71ce04d27b37f7c0fce552d4d0b463b5b3ebbd1840d3f1a"
  name = "golang.org/x/text"
  packages = [
    "encoding",
    "encoding/charmap",
    "encoding/htmlindex",
    "encoding/internal",
    "encoding/internal/identifier",
    "encoding/japanese",
    "encoding/korean",
    "encoding/simplifiedchinese",
    "encoding/traditionalchinese",
    "encoding/unicode",
    "internal/gen",
    "internal/language",
    "internal/language/compact",
    "internal/tag",
    "internal/utf8internal",
    "language",
    "runes",
    "transform",
    "unicode/cldr",
  ]
  pruneopts = "NT"
  revision = "342b2e1fbaa52c93f31447ad2c6abc048c63e475"
  version = "v0.3.2"

[[projects]]
  digest = "1:1b91ae0dc69a41d4c2ed23ea5cffb721ea63f5037ca4b81e6d6771fbb8f45129"
  name = "gopkg.in/fsnotify/fsnotify.v1"
  packages = ["."]
  pruneopts = "NT"
  revision = "c2828203cd70a50dcccfb2761f8b1f8ceef9a8e9"
  version = "v1.4.7"

[[projects]]
  digest = "1:63119d850a4a2aea8370aa74537a7d50923131ed207fc9aa12ddaf0b9ee94773"
  name = "gopkg.in/tomb.v1"
  packages = ["."]
  pruneopts = "NT"
  revision = "c131134a1947e9afd9cecfe11f4c6dff0732ae58"

[[projects]]
  digest = "1:18108594151654e9e696b27b181b953f9a90b16bf14d253dd1b397b025a1487f"
  name = "gopkg.in/yaml.v2"
  packages = ["."]
  pruneopts = "NT"
  revision = "51d6538a90f86fe93ac480b35f37b2be17fef232"
  version = "v2.2.2"

[solve-meta]
  analyzer-name = "dep"
  analyzer-version = 1
  input-imports = [
    "github.com/ethereum/go-ethereum/common/math",
    "github.com/ethereum/go-ethereum/crypto/secp256k1",
    "github.com/google/flatbuffers/go",
    "github.com/julienschmidt/httprouter",
    "github.com/logmatic/logmatic-go",
    "github.com/onsi/ginkgo",
    "github.com/onsi/gomega",
    "github.com/sirupsen/logrus",
    "golang.org/x/crypto/sha3",
  ]
  solver-name = "gps-cdcl"
  solver-version = 1
